// !$*UTF8*$!
{
	archiveVersion = 1;
	classes = {
	};
	objectVersion = 50;
	objects = {

/* Begin PBXBuildFile section */
		AF5DCBCE2418CA9D009FCC85 /* StreetMap.cpp in Sources */ = {isa = PBXBuildFile; fileRef = AF5DCBCD2418CA9D009FCC85 /* StreetMap.cpp */; };
		AF5DCBE3241AE246009FCC85 /* DeliveryPlanner.cpp in Sources */ = {isa = PBXBuildFile; fileRef = AF5DCBE2241AE246009FCC85 /* DeliveryPlanner.cpp */; };
		AF5DCBE6241AE43E009FCC85 /* DeliveryOptimizer.cpp in Sources */ = {isa = PBXBuildFile; fileRef = AF5DCBE5241AE43E009FCC85 /* DeliveryOptimizer.cpp */; };
		AF5DCBE8241C34F7009FCC85 /* brandontester.cpp in Sources */ = {isa = PBXBuildFile; fileRef = AF5DCBE7241C34F7009FCC85 /* brandontester.cpp */; };
		AFF2AAA4241581CD006D1F0E /* PointToPointRouter.cpp in Sources */ = {isa = PBXBuildFile; fileRef = AFF2AAA3241581CD006D1F0E /* PointToPointRouter.cpp */; };
/* End PBXBuildFile section */

/* Begin PBXCopyFilesBuildPhase section */
		AFF2AA922414574E006D1F0E /* CopyFiles */ = {
			isa = PBXCopyFilesBuildPhase;
			buildActionMask = 2147483647;
			dstPath = /usr/share/man/man1/;
			dstSubfolderSpec = 0;
			files = (
			);
			runOnlyForDeploymentPostprocessing = 1;
		};
/* End PBXCopyFilesBuildPhase section */

/* Begin PBXFileReference section */
		AF5DCBCD2418CA9D009FCC85 /* StreetMap.cpp */ = {isa = PBXFileReference; fileEncoding = 4; lastKnownFileType = sourcecode.cpp.cpp; path = StreetMap.cpp; sourceTree = "<group>"; };
		AF5DCBE2241AE246009FCC85 /* DeliveryPlanner.cpp */ = {isa = PBXFileReference; lastKnownFileType = sourcecode.cpp.cpp; path = DeliveryPlanner.cpp; sourceTree = "<group>"; };
		AF5DCBE4241AE2F2009FCC85 /* deliveries.txt */ = {isa = PBXFileReference; fileEncoding = 4; lastKnownFileType = text; path = deliveries.txt; sourceTree = "<group>"; };
		AF5DCBE5241AE43E009FCC85 /* DeliveryOptimizer.cpp */ = {isa = PBXFileReference; lastKnownFileType = sourcecode.cpp.cpp; path = DeliveryOptimizer.cpp; sourceTree = "<group>"; };
		AF5DCBE7241C34F7009FCC85 /* brandontester.cpp */ = {isa = PBXFileReference; fileEncoding = 4; lastKnownFileType = sourcecode.cpp.cpp; path = brandontester.cpp; sourceTree = "<group>"; };
		AFF2AA942414574E006D1F0E /* Project4 */ = {isa = PBXFileReference; explicitFileType = "compiled.mach-o.executable"; includeInIndex = 0; path = Project4; sourceTree = BUILT_PRODUCTS_DIR; };
		AFF2AA9E2414575F006D1F0E /* ExpandableHashMap.h */ = {isa = PBXFileReference; lastKnownFileType = sourcecode.c.h; path = ExpandableHashMap.h; sourceTree = "<group>"; };
		AFF2AAA124146CC2006D1F0E /* provided.h */ = {isa = PBXFileReference; lastKnownFileType = sourcecode.c.h; path = provided.h; sourceTree = "<group>"; };
		AFF2AAA22414BA6A006D1F0E /* mapdata.txt */ = {isa = PBXFileReference; lastKnownFileType = text; path = mapdata.txt; sourceTree = "<group>"; };
		AFF2AAA3241581CD006D1F0E /* PointToPointRouter.cpp */ = {isa = PBXFileReference; lastKnownFileType = sourcecode.cpp.cpp; path = PointToPointRouter.cpp; sourceTree = "<group>"; };
/* End PBXFileReference section */

/* Begin PBXFrameworksBuildPhase section */
		AFF2AA912414574E006D1F0E /* Frameworks */ = {
			isa = PBXFrameworksBuildPhase;
			buildActionMask = 2147483647;
			files = (
			);
			runOnlyForDeploymentPostprocessing = 0;
		};
/* End PBXFrameworksBuildPhase section */

/* Begin PBXGroup section */
		AFF2AA8B2414574E006D1F0E = {
			isa = PBXGroup;
			children = (
				AFF2AA962414574E006D1F0E /* Project4 */,
				AFF2AA952414574E006D1F0E /* Products */,
			);
			sourceTree = "<group>";
		};
		AFF2AA952414574E006D1F0E /* Products */ = {
			isa = PBXGroup;
			children = (
				AFF2AA942414574E006D1F0E /* Project4 */,
			);
			name = Products;
			sourceTree = "<group>";
		};
		AFF2AA962414574E006D1F0E /* Project4 */ = {
			isa = PBXGroup;
			children = (
				AFF2AAA22414BA6A006D1F0E /* mapdata.txt */,
				AF5DCBE5241AE43E009FCC85 /* DeliveryOptimizer.cpp */,
				AF5DCBE2241AE246009FCC85 /* DeliveryPlanner.cpp */,
				AF5DCBE7241C34F7009FCC85 /* brandontester.cpp */,
				AFF2AAA3241581CD006D1F0E /* PointToPointRouter.cpp */,
				AFF2AAA124146CC2006D1F0E /* provided.h */,
				AF5DCBE4241AE2F2009FCC85 /* deliveries.txt */,
				AF5DCBCD2418CA9D009FCC85 /* StreetMap.cpp */,
				AFF2AA9E2414575F006D1F0E /* ExpandableHashMap.h */,
			);
			path = Project4;
			sourceTree = "<group>";
		};
/* End PBXGroup section */

/* Begin PBXNativeTarget section */
		AFF2AA932414574E006D1F0E /* Project4 */ = {
			isa = PBXNativeTarget;
			buildConfigurationList = AFF2AA9B2414574E006D1F0E /* Build configuration list for PBXNativeTarget "Project4" */;
			buildPhases = (
				AFF2AA902414574E006D1F0E /* Sources */,
				AFF2AA912414574E006D1F0E /* Frameworks */,
				AFF2AA922414574E006D1F0E /* CopyFiles */,
			);
			buildRules = (
			);
			dependencies = (
			);
			name = Project4;
			productName = Project4;
			productReference = AFF2AA942414574E006D1F0E /* Project4 */;
			productType = "com.apple.product-type.tool";
		};
/* End PBXNativeTarget section */

/* Begin PBXProject section */
		AFF2AA8C2414574E006D1F0E /* Project object */ = {
			isa = PBXProject;
			attributes = {
				LastUpgradeCheck = 1130;
				ORGANIZATIONNAME = UCLA;
				TargetAttributes = {
					AFF2AA932414574E006D1F0E = {
						CreatedOnToolsVersion = 11.3;
					};
				};
			};
			buildConfigurationList = AFF2AA8F2414574E006D1F0E /* Build configuration list for PBXProject "Project4" */;
			compatibilityVersion = "Xcode 9.3";
			developmentRegion = en;
			hasScannedForEncodings = 0;
			knownRegions = (
				en,
				Base,
			);
			mainGroup = AFF2AA8B2414574E006D1F0E;
			productRefGroup = AFF2AA952414574E006D1F0E /* Products */;
			projectDirPath = "";
			projectRoot = "";
			targets = (
				AFF2AA932414574E006D1F0E /* Project4 */,
			);
		};
/* End PBXProject section */

/* Begin PBXSourcesBuildPhase section */
		AFF2AA902414574E006D1F0E /* Sources */ = {
			isa = PBXSourcesBuildPhase;
			buildActionMask = 2147483647;
			files = (
				AF5DCBE6241AE43E009FCC85 /* DeliveryOptimizer.cpp in Sources */,
				AF5DCBE3241AE246009FCC85 /* DeliveryPlanner.cpp in Sources */,
				AF5DCBE8241C34F7009FCC85 /* brandontester.cpp in Sources */,
				AFF2AAA4241581CD006D1F0E /* PointToPointRouter.cpp in Sources */,
				AF5DCBCE2418CA9D009FCC85 /* StreetMap.cpp in Sources */,
			);
			runOnlyForDeploymentPostprocessing = 0;
		};
/* End PBXSourcesBuildPhase section */

/* Begin XCBuildConfiguration section */
		AFF2AA992414574E006D1F0E /* Debug */ = {
			isa = XCBuildConfiguration;
			buildSettings = {
				ALWAYS_SEARCH_USER_PATHS = NO;
				CLANG_ANALYZER_NONNULL = YES;
				CLANG_ANALYZER_NUMBER_OBJECT_CONVERSION = YES_AGGRESSIVE;
				CLANG_CXX_LANGUAGE_STANDARD = "gnu++14";
				CLANG_CXX_LIBRARY = "libc++";
				CLANG_ENABLE_MODULES = YES;
				CLANG_ENABLE_OBJC_ARC = YES;
				CLANG_ENABLE_OBJC_WEAK = YES;
				CLANG_WARN_BLOCK_CAPTURE_AUTORELEASING = YES;
				CLANG_WARN_BOOL_CONVERSION = YES;
				CLANG_WARN_COMMA = YES;
				CLANG_WARN_CONSTANT_CONVERSION = YES;
				CLANG_WARN_DEPRECATED_OBJC_IMPLEMENTATIONS = YES;
				CLANG_WARN_DIRECT_OBJC_ISA_USAGE = YES_ERROR;
				CLANG_WARN_DOCUMENTATION_COMMENTS = YES;
				CLANG_WARN_EMPTY_BODY = YES;
				CLANG_WARN_ENUM_CONVERSION = YES;
				CLANG_WARN_INFINITE_RECURSION = YES;
				CLANG_WARN_INT_CONVERSION = YES;
				CLANG_WARN_NON_LITERAL_NULL_CONVERSION = YES;
				CLANG_WARN_OBJC_IMPLICIT_RETAIN_SELF = YES;
				CLANG_WARN_OBJC_LITERAL_CONVERSION = YES;
				CLANG_WARN_OBJC_ROOT_CLASS = YES_ERROR;
				CLANG_WARN_RANGE_LOOP_ANALYSIS = YES;
				CLANG_WARN_STRICT_PROTOTYPES = YES;
				CLANG_WARN_SUSPICIOUS_MOVE = YES;
				CLANG_WARN_UNGUARDED_AVAILABILITY = YES_AGGRESSIVE;
				CLANG_WARN_UNREACHABLE_CODE = YES;
				CLANG_WARN__DUPLICATE_METHOD_MATCH = YES;
				COPY_PHASE_STRIP = NO;
				DEBUG_INFORMATION_FORMAT = dwarf;
				ENABLE_STRICT_OBJC_MSGSEND = YES;
				ENABLE_TESTABILITY = YES;
				GCC_C_LANGUAGE_STANDARD = gnu11;
				GCC_DYNAMIC_NO_PIC = NO;
				GCC_NO_COMMON_BLOCKS = YES;
				GCC_OPTIMIZATION_LEVEL = 0;
				GCC_PREPROCESSOR_DEFINITIONS = (
					"DEBUG=1",
					"$(inherited)",
				);
				GCC_WARN_64_TO_32_BIT_CONVERSION = YES;
				GCC_WARN_ABOUT_RETURN_TYPE = YES_ERROR;
				GCC_WARN_UNDECLARED_SELECTOR = YES;
				GCC_WARN_UNINITIALIZED_AUTOS = YES_AGGRESSIVE;
				GCC_WARN_UNUSED_FUNCTION = YES;
				GCC_WARN_UNUSED_VARIABLE = YES;
				MACOSX_DEPLOYMENT_TARGET = 10.14;
				MTL_ENABLE_DEBUG_INFO = INCLUDE_SOURCE;
				MTL_FAST_MATH = YES;
				ONLY_ACTIVE_ARCH = YES;
				SDKROOT = macosx;
			};
			name = Debug;
		};
		AFF2AA9A2414574E006D1F0E /* Release */ = {
			isa = XCBuildConfiguration;
			buildSettings = {
				ALWAYS_SEARCH_USER_PATHS = NO;
				CLANG_ANALYZER_NONNULL = YES;
				CLANG_ANALYZER_NUMBER_OBJECT_CONVERSION = YES_AGGRESSIVE;
				CLANG_CXX_LANGUAGE_STANDARD = "gnu++14";
				CLANG_CXX_LIBRARY = "libc++";
				CLANG_ENABLE_MODULES = YES;
				CLANG_ENABLE_OBJC_ARC = YES;
				CLANG_ENABLE_OBJC_WEAK = YES;
				CLANG_WARN_BLOCK_CAPTURE_AUTORELEASING = YES;
				CLANG_WARN_BOOL_CONVERSION = YES;
				CLANG_WARN_COMMA = YES;
				CLANG_WARN_CONSTANT_CONVERSION = YES;
				CLANG_WARN_DEPRECATED_OBJC_IMPLEMENTATIONS = YES;
				CLANG_WARN_DIRECT_OBJC_ISA_USAGE = YES_ERROR;
				CLANG_WARN_DOCUMENTATION_COMMENTS = YES;
				CLANG_WARN_EMPTY_BODY = YES;
				CLANG_WARN_ENUM_CONVERSION = YES;
				CLANG_WARN_INFINITE_RECURSION = YES;
				CLANG_WARN_INT_CONVERSION = YES;
				CLANG_WARN_NON_LITERAL_NULL_CONVERSION = YES;
				CLANG_WARN_OBJC_IMPLICIT_RETAIN_SELF = YES;
				CLANG_WARN_OBJC_LITERAL_CONVERSION = YES;
				CLANG_WARN_OBJC_ROOT_CLASS = YES_ERROR;
				CLANG_WARN_RANGE_LOOP_ANALYSIS = YES;
				CLANG_WARN_STRICT_PROTOTYPES = YES;
				CLANG_WARN_SUSPICIOUS_MOVE = YES;
				CLANG_WARN_UNGUARDED_AVAILABILITY = YES_AGGRESSIVE;
				CLANG_WARN_UNREACHABLE_CODE = YES;
				CLANG_WARN__DUPLICATE_METHOD_MATCH = YES;
				COPY_PHASE_STRIP = NO;
				DEBUG_INFORMATION_FORMAT = "dwarf-with-dsym";
				ENABLE_NS_ASSERTIONS = NO;
				ENABLE_STRICT_OBJC_MSGSEND = YES;
				GCC_C_LANGUAGE_STANDARD = gnu11;
				GCC_NO_COMMON_BLOCKS = YES;
				GCC_WARN_64_TO_32_BIT_CONVERSION = YES;
				GCC_WARN_ABOUT_RETURN_TYPE = YES_ERROR;
				GCC_WARN_UNDECLARED_SELECTOR = YES;
				GCC_WARN_UNINITIALIZED_AUTOS = YES_AGGRESSIVE;
				GCC_WARN_UNUSED_FUNCTION = YES;
				GCC_WARN_UNUSED_VARIABLE = YES;
				MACOSX_DEPLOYMENT_TARGET = 10.14;
				MTL_ENABLE_DEBUG_INFO = NO;
				MTL_FAST_MATH = YES;
				SDKROOT = macosx;
			};
			name = Release;
		};
		AFF2AA9C2414574E006D1F0E /* Debug */ = {
			isa = XCBuildConfiguration;
			buildSettings = {
				CODE_SIGN_STYLE = Automatic;
				PRODUCT_NAME = "$(TARGET_NAME)";
			};
			name = Debug;
		};
		AFF2AA9D2414574E006D1F0E /* Release */ = {
			isa = XCBuildConfiguration;
			buildSettings = {
				CODE_SIGN_STYLE = Automatic;
				PRODUCT_NAME = "$(TARGET_NAME)";
			};
			name = Release;
		};
/* End XCBuildConfiguration section */

/* Begin XCConfigurationList section */
		AFF2AA8F2414574E006D1F0E /* Build configuration list for PBXProject "Project4" */ = {
			isa = XCConfigurationList;
			buildConfigurations = (
				AFF2AA992414574E006D1F0E /* Debug */,
				AFF2AA9A2414574E006D1F0E /* Release */,
			);
			defaultConfigurationIsVisible = 0;
			defaultConfigurationName = Release;
		};
		AFF2AA9B2414574E006D1F0E /* Build configuration list for PBXNativeTarget "Project4" */ = {
			isa = XCConfigurationList;
			buildConfigurations = (
				AFF2AA9C2414574E006D1F0E /* Debug */,
				AFF2AA9D2414574E006D1F0E /* Release */,
			);
			defaultConfigurationIsVisible = 0;
			defaultConfigurationName = Release;
		};
/* End XCConfigurationList section */
	};
	rootObject = AFF2AA8C2414574E006D1F0E /* Project object */;
}
